# This file is automatically @generated by Poetry and should not be changed by hand.

[[package]]
name = "autopep8"
version = "2.0.2"
description = "A tool that automatically formats Python code to conform to the PEP 8 style guide"
category = "dev"
optional = false
python-versions = ">=3.6"
files = [
    {file = "autopep8-2.0.2-py2.py3-none-any.whl", hash = "sha256:86e9303b5e5c8160872b2f5ef611161b2893e9bfe8ccc7e2f76385947d57a2f1"},
    {file = "autopep8-2.0.2.tar.gz", hash = "sha256:f9849cdd62108cb739dbcdbfb7fdcc9a30d1b63c4cc3e1c1f893b5360941b61c"},
]

[package.dependencies]
pycodestyle = ">=2.10.0"
tomli = {version = "*", markers = "python_version < \"3.11\""}

[[package]]
name = "glfw"
version = "2.5.7"
description = "A ctypes-based wrapper for GLFW3."
category = "main"
optional = false
python-versions = "*"
files = [
    {file = "glfw-2.5.7-py2.py27.py3.py30.py31.py32.py33.py34.py35.py36.py37.py38-none-macosx_10_6_intel.whl", hash = "sha256:337120ae0521064c5c8ab054ec8dec3236628f1890c0b9ac0cf623857202de62"},
    {file = "glfw-2.5.7-py2.py27.py3.py30.py31.py32.py33.py34.py35.py36.py37.py38-none-macosx_11_0_arm64.whl", hash = "sha256:97f2624b57eee5e4052894b49baea0ececc6f24ae169ba460bfcc458128eebc1"},
    {file = "glfw-2.5.7-py2.py27.py3.py30.py31.py32.py33.py34.py35.py36.py37.py38-none-manylinux2010_i686.whl", hash = "sha256:130a2ebbf50118250f7070c80cca812882ad96d271609f514ed915db27d16b8a"},
    {file = "glfw-2.5.7-py2.py27.py3.py30.py31.py32.py33.py34.py35.py36.py37.py38-none-manylinux2010_x86_64.whl", hash = "sha256:30ddfb7a3ae36685c4364f57f42e37f10b5d57e4be8499f16f51fbf5c94be792"},
    {file = "glfw-2.5.7-py2.py27.py3.py30.py31.py32.py33.py34.py35.py36.py37.py38-none-manylinux2014_aarch64.whl", hash = "sha256:7114deab3f688561667602bc936244b7130d479faff3b9c606b0993bbd672322"},
    {file = "glfw-2.5.7-py2.py27.py3.py30.py31.py32.py33.py34.py35.py36.py37.py38-none-manylinux2014_x86_64.whl", hash = "sha256:6e6ea97f7acfd9f42c28596fbf27a3ef73447ab88bde442b6892cc9ccaa8ad6e"},
    {file = "glfw-2.5.7-py2.py27.py3.py30.py31.py32.py33.py34.py35.py36.py37.py38-none-win32.whl", hash = "sha256:6b73a428fd965697fd2408e137b535adfaef50d5183b5aac0e6aeb39c0540edf"},
    {file = "glfw-2.5.7-py2.py27.py3.py30.py31.py32.py33.py34.py35.py36.py37.py38-none-win_amd64.whl", hash = "sha256:79f27c75c1b33facea4dbe5e94e252dd3c4f61f0bb6e4c7d30c9e88dbcc91365"},
    {file = "glfw-2.5.7.tar.gz", hash = "sha256:b094c66967f675a7b2c6eed85fe67906f62c6c62de66e2a3f7f2015010639e57"},
]

[package.extras]
preview = ["glfw-preview"]

[[package]]
name = "imgui"
version = "2.0.0"
description = "Cython-based Python bindings for dear imgui"
category = "main"
optional = false
python-versions = "*"
files = []
develop = false

[package.dependencies]
glfw = {version = "*", optional = true, markers = "extra == \"glfw\""}
PyOpenGL = {version = "*", optional = true, markers = "extra == \"glfw\""}

[package.extras]
cocos2d = ["PyOpenGL", "cocos2d", "pyglet (>=1.5.6)"]
cython = ["Cython (>=0.24,<0.30)"]
full = ["Cython (>=0.24,<0.30)", "PyOpenGL", "PySDL2", "cocos2d", "glfw", "pygame", "pyglet", "pyglet (>=1.5.6)"]
glfw = ["PyOpenGL", "glfw"]
opengl = ["PyOpenGL"]
pygame = ["PyOpenGL", "pygame"]
pyglet = ["PyOpenGL", "pyglet", "pyglet (>=1.5.6)"]
sdl2 = ["PyOpenGL", "PySDL2"]

[package.source]
type = "git"
url = "https://github.com/pyimgui/pyimgui.git"
reference = "dev/version-2.0"
resolved_reference = "abef4a6aaa541e78b822bef65fc3f25be50cac66"

[[package]]
name = "ptimer"
version = "0.1.1"
description = "Yet another precision timer for Python"
category = "main"
optional = false
python-versions = "*"
files = [
    {file = "ptimer-0.1.1.tar.gz", hash = "sha256:f37affab2411dad170b2e402827cddb3c1ca16b3c819ffec0cae14d5478ff634"},
]

[[package]]
name = "pycodestyle"
version = "2.10.0"
description = "Python style guide checker"
category = "dev"
optional = false
python-versions = ">=3.6"
files = [
    {file = "pycodestyle-2.10.0-py2.py3-none-any.whl", hash = "sha256:8a4eaf0d0495c7395bdab3589ac2db602797d76207242c17d470186815706610"},
    {file = "pycodestyle-2.10.0.tar.gz", hash = "sha256:347187bdb476329d98f695c213d7295a846d1152ff4fe9bacb8a9590b8ee7053"},
]

[[package]]
name = "pyopengl"
version = "3.1.6"
description = "Standard OpenGL bindings for Python"
category = "main"
optional = false
python-versions = "*"
files = [
    {file = "PyOpenGL-3.1.6-py2-none-any.whl", hash = "sha256:57c597d989178e1413002df6b923619f6d29807501dece1c60cc6f12c0c8e8a7"},
    {file = "PyOpenGL-3.1.6-py3-none-any.whl", hash = "sha256:a7139bc3e15d656feae1f7e3ef68c799941ed43fadc78177a23db7e946c20738"},
    {file = "PyOpenGL-3.1.6.tar.gz", hash = "sha256:8ea6c8773927eda7405bffc6f5bb93be81569a7b05c8cac50cd94e969dce5e27"},
]

[[package]]
name = "python-rtmidi"
version = "1.4.9"
description = "A Python binding for the RtMidi C++ library implemented using Cython."
category = "main"
optional = false
python-versions = "*"
files = [
    {file = "python-rtmidi-1.4.9.tar.gz", hash = "sha256:bfeb4ed99d0cccf6fa2837566907652ded7adc1c03b69f2160c9de4082301302"},
    {file = "python_rtmidi-1.4.9-cp36-cp36m-macosx_10_6_intel.whl", hash = "sha256:8f7e154681c5d6ed7228ce8639708592da758ef4c0f575f7020854e07ca6478b"},
    {file = "python_rtmidi-1.4.9-cp36-cp36m-win32.whl", hash = "sha256:6f495672ec76700400d4dff6f8848dbd52ca60301ed6011a6a1b3a9e95a7a07e"},
    {file = "python_rtmidi-1.4.9-cp36-cp36m-win_amd64.whl", hash = "sha256:4d75788163327f6ac1f898c29e3b4527da83dbc5bab5a7e614b6a4385fde3231"},
    {file = "python_rtmidi-1.4.9-cp37-cp37m-macosx_10_9_x86_64.whl", hash = "sha256:d201516bb1c64511e7e4de50533f6b828072113e3c26f3f5b657f11b90252073"},
    {file = "python_rtmidi-1.4.9-cp37-cp37m-win32.whl", hash = "sha256:0f5409e1b2e92cfe377710a0ea5c450c58fda8b52ec4bf4baf517aa731d9f6a6"},
    {file = "python_rtmidi-1.4.9-cp37-cp37m-win_amd64.whl", hash = "sha256:3d4b7fdb477d8036d51cce281b303686114ae676f1c83693db963ab01db11cf5"},
    {file = "python_rtmidi-1.4.9-cp38-cp38-macosx_10_9_x86_64.whl", hash = "sha256:5dad7a28035eea9e24aaab4fcb756cd2b78c5b14835aa64750cb4062f77ec169"},
    {file = "python_rtmidi-1.4.9-cp38-cp38-win32.whl", hash = "sha256:7d27d0a70e85d991f1451f286416cf5ef4514292b027155bf91dcae0b8c0d5d2"},
    {file = "python_rtmidi-1.4.9-cp38-cp38-win_amd64.whl", hash = "sha256:69907663e0f167fcf3fc1632a792419d0d9d00550f94dca39370ebda3bc999db"},
    {file = "python_rtmidi-1.4.9-cp39-cp39-macosx_10_9_x86_64.whl", hash = "sha256:04bd95dd86fef3fe8d72838f719d31875f107a842127024bfe276617961eed5d"},
    {file = "python_rtmidi-1.4.9-cp39-cp39-win32.whl", hash = "sha256:2286ab096a5603430ab1e1a664fe4d96acc40f9443f44c27e911dfad85ea3ac8"},
    {file = "python_rtmidi-1.4.9-cp39-cp39-win_amd64.whl", hash = "sha256:54d40cb794a6b079105bfb923ab0b4d5f041e9eef5dc5cce25480e4c3e3fc2f6"},
]

[[package]]
name = "tomli"
version = "1.2.3"
description = "A lil' TOML parser"
category = "dev"
optional = false
python-versions = ">=3.6"
files = [
    {file = "tomli-1.2.3-py3-none-any.whl", hash = "sha256:e3069e4be3ead9668e21cb9b074cd948f7b3113fd9c8bba083f48247aab8b11c"},
    {file = "tomli-1.2.3.tar.gz", hash = "sha256:05b6166bff487dc068d322585c7ea4ef78deed501cc124060e0f238e89a9231f"},
]

[metadata]
lock-version = "2.0"
python-versions = ">=3.6,<3.11"
content-hash = "93174054ef5aff56cde8aa4d94fa0c6c0b140382351d91cee750067022a7fe2b"
